
Microsoft Visual Studio Solution File, Format Version 12.00
# Visual Studio Version 17
VisualStudioVersion = 17.7.34221.43
MinimumVisualStudioVersion = 10.0.40219.1
Project("{FAE04EC0-301F-11D3-BF4B-00C04F79EFBC}") = "table", "table\table.csproj", "{AE8B66E9-8852-40F1-86C2-DFA013FACC7F}"
EndProject
Global
	GlobalSection(SolutionConfigurationPlatforms) = preSolution
		Debug|Any CPU = Debug|Any CPU
		Release|Any CPU = Release|Any CPU
	EndGlobalSection
	GlobalSection(ProjectConfigurationPlatforms) = postSolution
		{AE8B66E9-8852-40F1-86C2-DFA013FACC7F}.Debug|Any CPU.ActiveCfg = Debug|Any CPU
		{AE8B66E9-8852-40F1-86C2-DFA013FACC7F}.Debug|Any CPU.Build.0 = Debug|Any CPU
		{AE8B66E9-8852-40F1-86C2-DFA013FACC7F}.Release|Any CPU.ActiveCfg = Release|Any CPU
		{AE8B66E9-8852-40F1-86C2-DFA013FACC7F}.Release|Any CPU.Build.0 = Release|Any CPU
	EndGlobalSection
	GlobalSection(SolutionProperties) = preSolution
		HideSolutionNode = FALSE
	EndGlobalSection
	GlobalSection(ExtensibilityGlobals) = postSolution
		SolutionGuid = {A5121B1C-405C-4AD6-BBAB-EF1E35BEDE9A}
	EndGlobalSection
EndGlobal
